
Microsoft Visual Studio Solution File, Format Version 12.00
Project("{FAE04EC0-301F-11D3-BF4B-00C04F79EFBC}") = "DZ_6_LINQ", "DZ_6_LINQ\DZ_6_LINQ.csproj", "{1163C687-EC93-4FB9-8854-DB6B591FA530}"
EndProject
Global
	GlobalSection(SolutionConfigurationPlatforms) = preSolution
		Debug|Any CPU = Debug|Any CPU
		Release|Any CPU = Release|Any CPU
	EndGlobalSection
	GlobalSection(ProjectConfigurationPlatforms) = postSolution
		{1163C687-EC93-4FB9-8854-DB6B591FA530}.Debug|Any CPU.ActiveCfg = Debug|Any CPU
		{1163C687-EC93-4FB9-8854-DB6B591FA530}.Debug|Any CPU.Build.0 = Debug|Any CPU
		{1163C687-EC93-4FB9-8854-DB6B591FA530}.Release|Any CPU.ActiveCfg = Release|Any CPU
		{1163C687-EC93-4FB9-8854-DB6B591FA530}.Release|Any CPU.Build.0 = Release|Any CPU
	EndGlobalSection
EndGlobal
