
Microsoft Visual Studio Solution File, Format Version 12.00
# Visual Studio 15
VisualStudioVersion = 15.0.28010.2036
MinimumVisualStudioVersion = 10.0.40219.1
Project("{FAE04EC0-301F-11D3-BF4B-00C04F79EFBC}") = "Test_WPF", "Test_WPF\Test_WPF.csproj", "{C1A2B70E-C83B-434D-8011-107EB11577C6}"
EndProject
Global
	GlobalSection(SolutionConfigurationPlatforms) = preSolution
		Debug|Any CPU = Debug|Any CPU
		Release|Any CPU = Release|Any CPU
	EndGlobalSection
	GlobalSection(ProjectConfigurationPlatforms) = postSolution
		{C1A2B70E-C83B-434D-8011-107EB11577C6}.Debug|Any CPU.ActiveCfg = Debug|Any CPU
		{C1A2B70E-C83B-434D-8011-107EB11577C6}.Debug|Any CPU.Build.0 = Debug|Any CPU
		{C1A2B70E-C83B-434D-8011-107EB11577C6}.Release|Any CPU.ActiveCfg = Release|Any CPU
		{C1A2B70E-C83B-434D-8011-107EB11577C6}.Release|Any CPU.Build.0 = Release|Any CPU
	EndGlobalSection
	GlobalSection(SolutionProperties) = preSolution
		HideSolutionNode = FALSE
	EndGlobalSection
	GlobalSection(ExtensibilityGlobals) = postSolution
		SolutionGuid = {D2562E32-028A-4404-82EA-9BF2C4DA9556}
	EndGlobalSection
EndGlobal
